
Microsoft Visual Studio Solution File, Format Version 12.00
# Visual Studio Version 17
VisualStudioVersion = 17.5.002.0
MinimumVisualStudioVersion = 10.0.40219.1
Project("{9A19103F-16F7-4668-BE54-9A1E7A4F7556}") = "tienyoung.github.io", "tienyoung.github.io.csproj", "{4BD3F12F-3DB5-40F5-82F9-21E67F30F19D}"
EndProject
Global
	GlobalSection(SolutionConfigurationPlatforms) = preSolution
		Debug|Any CPU = Debug|Any CPU
		Release|Any CPU = Release|Any CPU
	EndGlobalSection
	GlobalSection(ProjectConfigurationPlatforms) = postSolution
		{4BD3F12F-3DB5-40F5-82F9-21E67F30F19D}.Debug|Any CPU.ActiveCfg = Debug|Any CPU
		{4BD3F12F-3DB5-40F5-82F9-21E67F30F19D}.Debug|Any CPU.Build.0 = Debug|Any CPU
		{4BD3F12F-3DB5-40F5-82F9-21E67F30F19D}.Release|Any CPU.ActiveCfg = Release|Any CPU
		{4BD3F12F-3DB5-40F5-82F9-21E67F30F19D}.Release|Any CPU.Build.0 = Release|Any CPU
	EndGlobalSection
	GlobalSection(SolutionProperties) = preSolution
		HideSolutionNode = FALSE
	EndGlobalSection
	GlobalSection(ExtensibilityGlobals) = postSolution
		SolutionGuid = {1DD74F84-09E0-4E21-931D-7992F24667FC}
	EndGlobalSection
EndGlobal
